
Microsoft Visual Studio Solution File, Format Version 12.00
# Visual Studio Version 17
VisualStudioVersion = 17.5.33516.290
MinimumVisualStudioVersion = 10.0.40219.1
Project("{9A19103F-16F7-4668-BE54-9A1E7A4F7556}") = "Infrastructure.Option", "Infrastructure.Option\Infrastructure.Option.csproj", "{2E0A31A4-103F-427D-A61D-C6CEEC60877D}"
EndProject
Project("{9A19103F-16F7-4668-BE54-9A1E7A4F7556}") = "OptionExample", "OptionExample\OptionExample.csproj", "{0DE786A7-B6C1-4BB7-81E8-80C81C3814A3}"
EndProject
Project("{FAE04EC0-301F-11D3-BF4B-00C04F79EFBC}") = "Infrastructure.Option.Tests", "Infrastructure.Option.Tests\Infrastructure.Option.Tests.csproj", "{57076F95-253E-4212-9FF4-72A57BA8A2C5}"
EndProject
Global
	GlobalSection(SolutionConfigurationPlatforms) = preSolution
		Debug|Any CPU = Debug|Any CPU
		Release|Any CPU = Release|Any CPU
	EndGlobalSection
	GlobalSection(ProjectConfigurationPlatforms) = postSolution
		{2E0A31A4-103F-427D-A61D-C6CEEC60877D}.Debug|Any CPU.ActiveCfg = Debug|Any CPU
		{2E0A31A4-103F-427D-A61D-C6CEEC60877D}.Debug|Any CPU.Build.0 = Debug|Any CPU
		{2E0A31A4-103F-427D-A61D-C6CEEC60877D}.Release|Any CPU.ActiveCfg = Release|Any CPU
		{2E0A31A4-103F-427D-A61D-C6CEEC60877D}.Release|Any CPU.Build.0 = Release|Any CPU
		{0DE786A7-B6C1-4BB7-81E8-80C81C3814A3}.Debug|Any CPU.ActiveCfg = Debug|Any CPU
		{0DE786A7-B6C1-4BB7-81E8-80C81C3814A3}.Debug|Any CPU.Build.0 = Debug|Any CPU
		{0DE786A7-B6C1-4BB7-81E8-80C81C3814A3}.Release|Any CPU.ActiveCfg = Release|Any CPU
		{0DE786A7-B6C1-4BB7-81E8-80C81C3814A3}.Release|Any CPU.Build.0 = Release|Any CPU
		{57076F95-253E-4212-9FF4-72A57BA8A2C5}.Debug|Any CPU.ActiveCfg = Debug|Any CPU
		{57076F95-253E-4212-9FF4-72A57BA8A2C5}.Debug|Any CPU.Build.0 = Debug|Any CPU
		{57076F95-253E-4212-9FF4-72A57BA8A2C5}.Release|Any CPU.ActiveCfg = Release|Any CPU
		{57076F95-253E-4212-9FF4-72A57BA8A2C5}.Release|Any CPU.Build.0 = Release|Any CPU
	EndGlobalSection
	GlobalSection(SolutionProperties) = preSolution
		HideSolutionNode = FALSE
	EndGlobalSection
	GlobalSection(ExtensibilityGlobals) = postSolution
		SolutionGuid = {5A46D5E3-3826-40BC-B922-4728069A186B}
	EndGlobalSection
EndGlobal
